
Microsoft Visual Studio Solution File, Format Version 12.00
# Visual Studio Version 16
VisualStudioVersion = 16.0.30907.101
MinimumVisualStudioVersion = 10.0.40219.1
Project("{FAE04EC0-301F-11D3-BF4B-00C04F79EFBC}") = "MongoDbProj", "MongoDbProj\MongoDbProj.csproj", "{379422C7-E0E7-4521-8EA6-B601BE0FE29D}"
EndProject
Global
	GlobalSection(SolutionConfigurationPlatforms) = preSolution
		Debug|Any CPU = Debug|Any CPU
		Release|Any CPU = Release|Any CPU
	EndGlobalSection
	GlobalSection(ProjectConfigurationPlatforms) = postSolution
		{379422C7-E0E7-4521-8EA6-B601BE0FE29D}.Debug|Any CPU.ActiveCfg = Debug|Any CPU
		{379422C7-E0E7-4521-8EA6-B601BE0FE29D}.Debug|Any CPU.Build.0 = Debug|Any CPU
		{379422C7-E0E7-4521-8EA6-B601BE0FE29D}.Release|Any CPU.ActiveCfg = Release|Any CPU
		{379422C7-E0E7-4521-8EA6-B601BE0FE29D}.Release|Any CPU.Build.0 = Release|Any CPU
	EndGlobalSection
	GlobalSection(SolutionProperties) = preSolution
		HideSolutionNode = FALSE
	EndGlobalSection
	GlobalSection(ExtensibilityGlobals) = postSolution
		SolutionGuid = {857C8BBD-1E6C-49C7-9FB4-F6EE38404ED1}
	EndGlobalSection
EndGlobal
